
Microsoft Visual Studio Solution File, Format Version 12.00
# Visual Studio Version 17
VisualStudioVersion = 17.0.31912.275
MinimumVisualStudioVersion = 10.0.40219.1
Project("{9A19103F-16F7-4668-BE54-9A1E7A4F7556}") = "ProperSave", "ProperSave\ProperSave.csproj", "{8EEA40DA-1620-4CEF-9245-971B3B31F595}"
EndProject
Project("{2150E333-8FDC-42A3-9474-1A3956D46DE8}") = "Solution Items", "Solution Items", "{D6F81E6C-FDA1-4CA2-8FB9-CE8075B5D5C5}"
	ProjectSection(SolutionItems) = preProject
		CHANGELOG.md = CHANGELOG.md
		README.md = README.md
		thunderstore.toml = thunderstore.toml
	EndProjectSection
EndProject
Global
	GlobalSection(SolutionConfigurationPlatforms) = preSolution
		Debug|Any CPU = Debug|Any CPU
		Release|Any CPU = Release|Any CPU
	EndGlobalSection
	GlobalSection(ProjectConfigurationPlatforms) = postSolution
		{8EEA40DA-1620-4CEF-9245-971B3B31F595}.Debug|Any CPU.ActiveCfg = Debug|Any CPU
		{8EEA40DA-1620-4CEF-9245-971B3B31F595}.Debug|Any CPU.Build.0 = Debug|Any CPU
		{8EEA40DA-1620-4CEF-9245-971B3B31F595}.Release|Any CPU.ActiveCfg = Release|Any CPU
		{8EEA40DA-1620-4CEF-9245-971B3B31F595}.Release|Any CPU.Build.0 = Release|Any CPU
	EndGlobalSection
	GlobalSection(SolutionProperties) = preSolution
		HideSolutionNode = FALSE
	EndGlobalSection
	GlobalSection(ExtensibilityGlobals) = postSolution
		SolutionGuid = {983A71EF-1536-4DEE-AB57-5A2F3B0B9FC6}
	EndGlobalSection
EndGlobal
